
Microsoft Visual Studio Solution File, Format Version 12.00
# Visual Studio 14
VisualStudioVersion = 14.0.25420.1
MinimumVisualStudioVersion = 10.0.40219.1
Project("{FAE04EC0-301F-11D3-BF4B-00C04F79EFBC}") = "MPP.WebCrawler", "MPP.WebCrawler\MPP.WebCrawler.csproj", "{D94AB174-2B77-4EBF-8E62-D3B288ADE381}"
EndProject
Project("{FAE04EC0-301F-11D3-BF4B-00C04F79EFBC}") = "CrawlingLib", "CrawlingLib\CrawlingLib.csproj", "{F4B9D72A-D286-48FA-9868-2202DBB127A9}"
EndProject
Global
	GlobalSection(SolutionConfigurationPlatforms) = preSolution
		Debug|Any CPU = Debug|Any CPU
		Release|Any CPU = Release|Any CPU
	EndGlobalSection
	GlobalSection(ProjectConfigurationPlatforms) = postSolution
		{D94AB174-2B77-4EBF-8E62-D3B288ADE381}.Debug|Any CPU.ActiveCfg = Debug|Any CPU
		{D94AB174-2B77-4EBF-8E62-D3B288ADE381}.Debug|Any CPU.Build.0 = Debug|Any CPU
		{D94AB174-2B77-4EBF-8E62-D3B288ADE381}.Release|Any CPU.ActiveCfg = Release|Any CPU
		{D94AB174-2B77-4EBF-8E62-D3B288ADE381}.Release|Any CPU.Build.0 = Release|Any CPU
		{F4B9D72A-D286-48FA-9868-2202DBB127A9}.Debug|Any CPU.ActiveCfg = Debug|Any CPU
		{F4B9D72A-D286-48FA-9868-2202DBB127A9}.Debug|Any CPU.Build.0 = Debug|Any CPU
		{F4B9D72A-D286-48FA-9868-2202DBB127A9}.Release|Any CPU.ActiveCfg = Release|Any CPU
		{F4B9D72A-D286-48FA-9868-2202DBB127A9}.Release|Any CPU.Build.0 = Release|Any CPU
	EndGlobalSection
	GlobalSection(SolutionProperties) = preSolution
		HideSolutionNode = FALSE
	EndGlobalSection
EndGlobal
