
Microsoft Visual Studio Solution File, Format Version 12.00
# Visual Studio 14
VisualStudioVersion = 14.0.25420.1
MinimumVisualStudioVersion = 10.0.40219.1
Project("{FAE04EC0-301F-11D3-BF4B-00C04F79EFBC}") = "WebCrawler", "WebCrawler\WebCrawler.csproj", "{A62559B4-EB66-4F72-9FA2-97384EF43041}"
EndProject
Project("{FAE04EC0-301F-11D3-BF4B-00C04F79EFBC}") = "WpfWebCrawler", "WpfWebCrawler\WpfWebCrawler.csproj", "{A84493C8-F656-4BCC-B500-E9948951CF5C}"
EndProject
Global
	GlobalSection(SolutionConfigurationPlatforms) = preSolution
		Debug|Any CPU = Debug|Any CPU
		Release|Any CPU = Release|Any CPU
	EndGlobalSection
	GlobalSection(ProjectConfigurationPlatforms) = postSolution
		{A62559B4-EB66-4F72-9FA2-97384EF43041}.Debug|Any CPU.ActiveCfg = Debug|Any CPU
		{A62559B4-EB66-4F72-9FA2-97384EF43041}.Debug|Any CPU.Build.0 = Debug|Any CPU
		{A62559B4-EB66-4F72-9FA2-97384EF43041}.Release|Any CPU.ActiveCfg = Release|Any CPU
		{A62559B4-EB66-4F72-9FA2-97384EF43041}.Release|Any CPU.Build.0 = Release|Any CPU
		{A84493C8-F656-4BCC-B500-E9948951CF5C}.Debug|Any CPU.ActiveCfg = Debug|Any CPU
		{A84493C8-F656-4BCC-B500-E9948951CF5C}.Debug|Any CPU.Build.0 = Debug|Any CPU
		{A84493C8-F656-4BCC-B500-E9948951CF5C}.Release|Any CPU.ActiveCfg = Release|Any CPU
		{A84493C8-F656-4BCC-B500-E9948951CF5C}.Release|Any CPU.Build.0 = Release|Any CPU
	EndGlobalSection
	GlobalSection(SolutionProperties) = preSolution
		HideSolutionNode = FALSE
	EndGlobalSection
EndGlobal
